
Microsoft Visual Studio Solution File, Format Version 12.00
# Visual Studio Version 17
VisualStudioVersion = 17.5.002.0
MinimumVisualStudioVersion = 10.0.40219.1
Project("{9A19103F-16F7-4668-BE54-9A1E7A4F7556}") = "Technate", "Technate.csproj", "{D93007AA-47CB-4062-954D-E3D9A2576CA8}"
EndProject
Global
	GlobalSection(SolutionConfigurationPlatforms) = preSolution
		Debug|Any CPU = Debug|Any CPU
		Release|Any CPU = Release|Any CPU
	EndGlobalSection
	GlobalSection(ProjectConfigurationPlatforms) = postSolution
		{D93007AA-47CB-4062-954D-E3D9A2576CA8}.Debug|Any CPU.ActiveCfg = Debug|Any CPU
		{D93007AA-47CB-4062-954D-E3D9A2576CA8}.Debug|Any CPU.Build.0 = Debug|Any CPU
		{D93007AA-47CB-4062-954D-E3D9A2576CA8}.Release|Any CPU.ActiveCfg = Release|Any CPU
		{D93007AA-47CB-4062-954D-E3D9A2576CA8}.Release|Any CPU.Build.0 = Release|Any CPU
	EndGlobalSection
	GlobalSection(SolutionProperties) = preSolution
		HideSolutionNode = FALSE
	EndGlobalSection
	GlobalSection(ExtensibilityGlobals) = postSolution
		SolutionGuid = {911C3A73-B709-4262-B7E4-A48827FDD21D}
	EndGlobalSection
EndGlobal
